
Microsoft Visual Studio Solution File, Format Version 12.00
# Visual Studio 15
Project("{FAE04EC0-301F-11D3-BF4B-00C04F79EFBC}") = "attendanceSystemAPI", "attendanceSystemAPI.csproj", "{3A9EEE2E-658D-44CF-87BE-28A4233B0F20}"
EndProject
Global
	GlobalSection(SolutionConfigurationPlatforms) = preSolution
		Debug|Any CPU = Debug|Any CPU
		Release|Any CPU = Release|Any CPU
	EndGlobalSection
	GlobalSection(ProjectConfigurationPlatforms) = postSolution
		{3A9EEE2E-658D-44CF-87BE-28A4233B0F20}.Debug|Any CPU.ActiveCfg = Debug|Any CPU
		{3A9EEE2E-658D-44CF-87BE-28A4233B0F20}.Debug|Any CPU.Build.0 = Debug|Any CPU
		{3A9EEE2E-658D-44CF-87BE-28A4233B0F20}.Release|Any CPU.ActiveCfg = Release|Any CPU
		{3A9EEE2E-658D-44CF-87BE-28A4233B0F20}.Release|Any CPU.Build.0 = Release|Any CPU
	EndGlobalSection
EndGlobal
